
Microsoft Visual Studio Solution File, Format Version 12.00
# Visual Studio 15
VisualStudioVersion = 15.0.27924.0
MinimumVisualStudioVersion = 10.0.40219.1
Project("{FAE04EC0-301F-11D3-BF4B-00C04F79EFBC}") = "Sales.Android", "Sales\Sales.Android\Sales.Android.csproj", "{CC22A198-169C-46B6-9478-C9A568BEACB1}"
EndProject
Project("{FAE04EC0-301F-11D3-BF4B-00C04F79EFBC}") = "Sales.iOS", "Sales\Sales.iOS\Sales.iOS.csproj", "{E31A7CBF-B2D6-4EC1-BB8B-F6BBE4E701D4}"
EndProject
Project("{FAE04EC0-301F-11D3-BF4B-00C04F79EFBC}") = "Sales.UWP", "Sales\Sales.UWP\Sales.UWP.csproj", "{0BEACE9C-A7D1-4D3A-8A6F-0FF88C365ACF}"
EndProject
Project("{9A19103F-16F7-4668-BE54-9A1E7A4F7556}") = "Sales", "Sales\Sales\Sales.csproj", "{C0360795-9B9B-4109-8640-E0C9DD4432F9}"
EndProject
Project("{FAE04EC0-301F-11D3-BF4B-00C04F79EFBC}") = "Sales.Backend", "Sales.Backend\Sales.Backend.csproj", "{ECBE8ECA-CCB3-454B-8F36-7356C57DEB8F}"
EndProject
Project("{FAE04EC0-301F-11D3-BF4B-00C04F79EFBC}") = "Sales.API", "Sales.API\Sales.API.csproj", "{0D7EFDF2-1D5E-4D3D-86AE-28F84B86AD61}"
EndProject
Project("{FAE04EC0-301F-11D3-BF4B-00C04F79EFBC}") = "Sales.Domain", "Sales.Domain\Sales.Domain.csproj", "{81CF9BFE-79E5-455C-BE55-582A0D4AB3E2}"
EndProject
Project("{FAE04EC0-301F-11D3-BF4B-00C04F79EFBC}") = "Sales.Common", "Sales.Common\Sales.Common.csproj", "{8BCAC940-DCF1-4B68-BD14-7D288094F9D1}"
EndProject
Global
	GlobalSection(SolutionConfigurationPlatforms) = preSolution
		Ad-Hoc|Any CPU = Ad-Hoc|Any CPU
		Ad-Hoc|ARM = Ad-Hoc|ARM
		Ad-Hoc|iPhone = Ad-Hoc|iPhone
		Ad-Hoc|iPhoneSimulator = Ad-Hoc|iPhoneSimulator
		Ad-Hoc|x64 = Ad-Hoc|x64
		Ad-Hoc|x86 = Ad-Hoc|x86
		AppStore|Any CPU = AppStore|Any CPU
		AppStore|ARM = AppStore|ARM
		AppStore|iPhone = AppStore|iPhone
		AppStore|iPhoneSimulator = AppStore|iPhoneSimulator
		AppStore|x64 = AppStore|x64
		AppStore|x86 = AppStore|x86
		Debug|Any CPU = Debug|Any CPU
		Debug|ARM = Debug|ARM
		Debug|iPhone = Debug|iPhone
		Debug|iPhoneSimulator = Debug|iPhoneSimulator
		Debug|x64 = Debug|x64
		Debug|x86 = Debug|x86
		Release|Any CPU = Release|Any CPU
		Release|ARM = Release|ARM
		Release|iPhone = Release|iPhone
		Release|iPhoneSimulator = Release|iPhoneSimulator
		Release|x64 = Release|x64
		Release|x86 = Release|x86
	EndGlobalSection
	GlobalSection(ProjectConfigurationPlatforms) = postSolution
		{CC22A198-169C-46B6-9478-C9A568BEACB1}.Ad-Hoc|Any CPU.ActiveCfg = Release|Any CPU
		{CC22A198-169C-46B6-9478-C9A568BEACB1}.Ad-Hoc|Any CPU.Build.0 = Release|Any CPU
		{CC22A198-169C-46B6-9478-C9A568BEACB1}.Ad-Hoc|Any CPU.Deploy.0 = Release|Any CPU
		{CC22A198-169C-46B6-9478-C9A568BEACB1}.Ad-Hoc|ARM.ActiveCfg = Release|Any CPU
		{CC22A198-169C-46B6-9478-C9A568BEACB1}.Ad-Hoc|ARM.Build.0 = Release|Any CPU
		{CC22A198-169C-46B6-9478-C9A568BEACB1}.Ad-Hoc|ARM.Deploy.0 = Release|Any CPU
		{CC22A198-169C-46B6-9478-C9A568BEACB1}.Ad-Hoc|iPhone.ActiveCfg = Release|Any CPU
		{CC22A198-169C-46B6-9478-C9A568BEACB1}.Ad-Hoc|iPhone.Build.0 = Release|Any CPU
		{CC22A198-169C-46B6-9478-C9A568BEACB1}.Ad-Hoc|iPhone.Deploy.0 = Release|Any CPU
		{CC22A198-169C-46B6-9478-C9A568BEACB1}.Ad-Hoc|iPhoneSimulator.ActiveCfg = Release|Any CPU
		{CC22A198-169C-46B6-9478-C9A568BEACB1}.Ad-Hoc|iPhoneSimulator.Build.0 = Release|Any CPU
		{CC22A198-169C-46B6-9478-C9A568BEACB1}.Ad-Hoc|iPhoneSimulator.Deploy.0 = Release|Any CPU
		{CC22A198-169C-46B6-9478-C9A568BEACB1}.Ad-Hoc|x64.ActiveCfg = Release|Any CPU
		{CC22A198-169C-46B6-9478-C9A568BEACB1}.Ad-Hoc|x64.Build.0 = Release|Any CPU
		{CC22A198-169C-46B6-9478-C9A568BEACB1}.Ad-Hoc|x64.Deploy.0 = Release|Any CPU
		{CC22A198-169C-46B6-9478-C9A568BEACB1}.Ad-Hoc|x86.ActiveCfg = Release|Any CPU
		{CC22A198-169C-46B6-9478-C9A568BEACB1}.Ad-Hoc|x86.Build.0 = Release|Any CPU
		{CC22A198-169C-46B6-9478-C9A568BEACB1}.Ad-Hoc|x86.Deploy.0 = Release|Any CPU
		{CC22A198-169C-46B6-9478-C9A568BEACB1}.AppStore|Any CPU.ActiveCfg = Release|Any CPU
		{CC22A198-169C-46B6-9478-C9A568BEACB1}.AppStore|Any CPU.Build.0 = Release|Any CPU
		{CC22A198-169C-46B6-9478-C9A568BEACB1}.AppStore|Any CPU.Deploy.0 = Release|Any CPU
		{CC22A198-169C-46B6-9478-C9A568BEACB1}.AppStore|ARM.ActiveCfg = Release|Any CPU
		{CC22A198-169C-46B6-9478-C9A568BEACB1}.AppStore|ARM.Build.0 = Release|Any CPU
		{CC22A198-169C-46B6-9478-C9A568BEACB1}.AppStore|ARM.Deploy.0 = Release|Any CPU
		{CC22A198-169C-46B6-9478-C9A568BEACB1}.AppStore|iPhone.ActiveCfg = Release|Any CPU
		{CC22A198-169C-46B6-9478-C9A568BEACB1}.AppStore|iPhone.Build.0 = Release|Any CPU
		{CC22A198-169C-46B6-9478-C9A568BEACB1}.AppStore|iPhone.Deploy.0 = Release|Any CPU
		{CC22A198-169C-46B6-9478-C9A568BEACB1}.AppStore|iPhoneSimulator.ActiveCfg = Release|Any CPU
		{CC22A198-169C-46B6-9478-C9A568BEACB1}.AppStore|iPhoneSimulator.Build.0 = Release|Any CPU
		{CC22A198-169C-46B6-9478-C9A568BEACB1}.AppStore|iPhoneSimulator.Deploy.0 = Release|Any CPU
		{CC22A198-169C-46B6-9478-C9A568BEACB1}.AppStore|x64.ActiveCfg = Release|Any CPU
		{CC22A198-169C-46B6-9478-C9A568BEACB1}.AppStore|x64.Build.0 = Release|Any CPU
		{CC22A198-169C-46B6-9478-C9A568BEACB1}.AppStore|x64.Deploy.0 = Release|Any CPU
		{CC22A198-169C-46B6-9478-C9A568BEACB1}.AppStore|x86.ActiveCfg = Release|Any CPU
		{CC22A198-169C-46B6-9478-C9A568BEACB1}.AppStore|x86.Build.0 = Release|Any CPU
		{CC22A198-169C-46B6-9478-C9A568BEACB1}.AppStore|x86.Deploy.0 = Release|Any CPU
		{CC22A198-169C-46B6-9478-C9A568BEACB1}.Debug|Any CPU.ActiveCfg = Debug|Any CPU
		{CC22A198-169C-46B6-9478-C9A568BEACB1}.Debug|Any CPU.Build.0 = Debug|Any CPU
		{CC22A198-169C-46B6-9478-C9A568BEACB1}.Debug|Any CPU.Deploy.0 = Debug|Any CPU
		{CC22A198-169C-46B6-9478-C9A568BEACB1}.Debug|ARM.ActiveCfg = Debug|Any CPU
		{CC22A198-169C-46B6-9478-C9A568BEACB1}.Debug|ARM.Build.0 = Debug|Any CPU
		{CC22A198-169C-46B6-9478-C9A568BEACB1}.Debug|ARM.Deploy.0 = Debug|Any CPU
		{CC22A198-169C-46B6-9478-C9A568BEACB1}.Debug|iPhone.ActiveCfg = Debug|Any CPU
		{CC22A198-169C-46B6-9478-C9A568BEACB1}.Debug|iPhone.Build.0 = Debug|Any CPU
		{CC22A198-169C-46B6-9478-C9A568BEACB1}.Debug|iPhone.Deploy.0 = Debug|Any CPU
		{CC22A198-169C-46B6-9478-C9A568BEACB1}.Debug|iPhoneSimulator.ActiveCfg = Debug|Any CPU
		{CC22A198-169C-46B6-9478-C9A568BEACB1}.Debug|iPhoneSimulator.Build.0 = Debug|Any CPU
		{CC22A198-169C-46B6-9478-C9A568BEACB1}.Debug|iPhoneSimulator.Deploy.0 = Debug|Any CPU
		{CC22A198-169C-46B6-9478-C9A568BEACB1}.Debug|x64.ActiveCfg = Debug|Any CPU
		{CC22A198-169C-46B6-9478-C9A568BEACB1}.Debug|x64.Build.0 = Debug|Any CPU
		{CC22A198-169C-46B6-9478-C9A568BEACB1}.Debug|x64.Deploy.0 = Debug|Any CPU
		{CC22A198-169C-46B6-9478-C9A568BEACB1}.Debug|x86.ActiveCfg = Debug|Any CPU
		{CC22A198-169C-46B6-9478-C9A568BEACB1}.Debug|x86.Build.0 = Debug|Any CPU
		{CC22A198-169C-46B6-9478-C9A568BEACB1}.Debug|x86.Deploy.0 = Debug|Any CPU
		{CC22A198-169C-46B6-9478-C9A568BEACB1}.Release|Any CPU.ActiveCfg = Release|Any CPU
		{CC22A198-169C-46B6-9478-C9A568BEACB1}.Release|Any CPU.Build.0 = Release|Any CPU
		{CC22A198-169C-46B6-9478-C9A568BEACB1}.Release|Any CPU.Deploy.0 = Release|Any CPU
		{CC22A198-169C-46B6-9478-C9A568BEACB1}.Release|ARM.ActiveCfg = Release|Any CPU
		{CC22A198-169C-46B6-9478-C9A568BEACB1}.Release|ARM.Build.0 = Release|Any CPU
		{CC22A198-169C-46B6-9478-C9A568BEACB1}.Release|ARM.Deploy.0 = Release|Any CPU
		{CC22A198-169C-46B6-9478-C9A568BEACB1}.Release|iPhone.ActiveCfg = Release|Any CPU
		{CC22A198-169C-46B6-9478-C9A568BEACB1}.Release|iPhone.Build.0 = Release|Any CPU
		{CC22A198-169C-46B6-9478-C9A568BEACB1}.Release|iPhone.Deploy.0 = Release|Any CPU
		{CC22A198-169C-46B6-9478-C9A568BEACB1}.Release|iPhoneSimulator.ActiveCfg = Release|Any CPU
		{CC22A198-169C-46B6-9478-C9A568BEACB1}.Release|iPhoneSimulator.Build.0 = Release|Any CPU
		{CC22A198-169C-46B6-9478-C9A568BEACB1}.Release|iPhoneSimulator.Deploy.0 = Release|Any CPU
		{CC22A198-169C-46B6-9478-C9A568BEACB1}.Release|x64.ActiveCfg = Release|Any CPU
		{CC22A198-169C-46B6-9478-C9A568BEACB1}.Release|x64.Build.0 = Release|Any CPU
		{CC22A198-169C-46B6-9478-C9A568BEACB1}.Release|x64.Deploy.0 = Release|Any CPU
		{CC22A198-169C-46B6-9478-C9A568BEACB1}.Release|x86.ActiveCfg = Release|Any CPU
		{CC22A198-169C-46B6-9478-C9A568BEACB1}.Release|x86.Build.0 = Release|Any CPU
		{CC22A198-169C-46B6-9478-C9A568BEACB1}.Release|x86.Deploy.0 = Release|Any CPU
		{E31A7CBF-B2D6-4EC1-BB8B-F6BBE4E701D4}.Ad-Hoc|Any CPU.ActiveCfg = Ad-Hoc|iPhone
		{E31A7CBF-B2D6-4EC1-BB8B-F6BBE4E701D4}.Ad-Hoc|Any CPU.Build.0 = Ad-Hoc|iPhone
		{E31A7CBF-B2D6-4EC1-BB8B-F6BBE4E701D4}.Ad-Hoc|Any CPU.Deploy.0 = Ad-Hoc|iPhone
		{E31A7CBF-B2D6-4EC1-BB8B-F6BBE4E701D4}.Ad-Hoc|ARM.ActiveCfg = Ad-Hoc|iPhone
		{E31A7CBF-B2D6-4EC1-BB8B-F6BBE4E701D4}.Ad-Hoc|ARM.Build.0 = Ad-Hoc|iPhone
		{E31A7CBF-B2D6-4EC1-BB8B-F6BBE4E701D4}.Ad-Hoc|ARM.Deploy.0 = Ad-Hoc|iPhone
		{E31A7CBF-B2D6-4EC1-BB8B-F6BBE4E701D4}.Ad-Hoc|iPhone.ActiveCfg = Ad-Hoc|iPhone
		{E31A7CBF-B2D6-4EC1-BB8B-F6BBE4E701D4}.Ad-Hoc|iPhone.Build.0 = Ad-Hoc|iPhone
		{E31A7CBF-B2D6-4EC1-BB8B-F6BBE4E701D4}.Ad-Hoc|iPhone.Deploy.0 = Ad-Hoc|iPhone
		{E31A7CBF-B2D6-4EC1-BB8B-F6BBE4E701D4}.Ad-Hoc|iPhoneSimulator.ActiveCfg = Ad-Hoc|iPhoneSimulator
		{E31A7CBF-B2D6-4EC1-BB8B-F6BBE4E701D4}.Ad-Hoc|iPhoneSimulator.Build.0 = Ad-Hoc|iPhoneSimulator
		{E31A7CBF-B2D6-4EC1-BB8B-F6BBE4E701D4}.Ad-Hoc|iPhoneSimulator.Deploy.0 = Ad-Hoc|iPhoneSimulator
		{E31A7CBF-B2D6-4EC1-BB8B-F6BBE4E701D4}.Ad-Hoc|x64.ActiveCfg = Ad-Hoc|iPhone
		{E31A7CBF-B2D6-4EC1-BB8B-F6BBE4E701D4}.Ad-Hoc|x64.Build.0 = Ad-Hoc|iPhone
		{E31A7CBF-B2D6-4EC1-BB8B-F6BBE4E701D4}.Ad-Hoc|x64.Deploy.0 = Ad-Hoc|iPhone
		{E31A7CBF-B2D6-4EC1-BB8B-F6BBE4E701D4}.Ad-Hoc|x86.ActiveCfg = Ad-Hoc|iPhone
		{E31A7CBF-B2D6-4EC1-BB8B-F6BBE4E701D4}.Ad-Hoc|x86.Build.0 = Ad-Hoc|iPhone
		{E31A7CBF-B2D6-4EC1-BB8B-F6BBE4E701D4}.Ad-Hoc|x86.Deploy.0 = Ad-Hoc|iPhone
		{E31A7CBF-B2D6-4EC1-BB8B-F6BBE4E701D4}.AppStore|Any CPU.ActiveCfg = AppStore|iPhone
		{E31A7CBF-B2D6-4EC1-BB8B-F6BBE4E701D4}.AppStore|Any CPU.Build.0 = AppStore|iPhone
		{E31A7CBF-B2D6-4EC1-BB8B-F6BBE4E701D4}.AppStore|Any CPU.Deploy.0 = AppStore|iPhone
		{E31A7CBF-B2D6-4EC1-BB8B-F6BBE4E701D4}.AppStore|ARM.ActiveCfg = AppStore|iPhone
		{E31A7CBF-B2D6-4EC1-BB8B-F6BBE4E701D4}.AppStore|ARM.Build.0 = AppStore|iPhone
		{E31A7CBF-B2D6-4EC1-BB8B-F6BBE4E701D4}.AppStore|ARM.Deploy.0 = AppStore|iPhone
		{E31A7CBF-B2D6-4EC1-BB8B-F6BBE4E701D4}.AppStore|iPhone.ActiveCfg = AppStore|iPhone
		{E31A7CBF-B2D6-4EC1-BB8B-F6BBE4E701D4}.AppStore|iPhone.Build.0 = AppStore|iPhone
		{E31A7CBF-B2D6-4EC1-BB8B-F6BBE4E701D4}.AppStore|iPhone.Deploy.0 = AppStore|iPhone
		{E31A7CBF-B2D6-4EC1-BB8B-F6BBE4E701D4}.AppStore|iPhoneSimulator.ActiveCfg = AppStore|iPhoneSimulator
		{E31A7CBF-B2D6-4EC1-BB8B-F6BBE4E701D4}.AppStore|iPhoneSimulator.Build.0 = AppStore|iPhoneSimulator
		{E31A7CBF-B2D6-4EC1-BB8B-F6BBE4E701D4}.AppStore|iPhoneSimulator.Deploy.0 = AppStore|iPhoneSimulator
		{E31A7CBF-B2D6-4EC1-BB8B-F6BBE4E701D4}.AppStore|x64.ActiveCfg = AppStore|iPhone
		{E31A7CBF-B2D6-4EC1-BB8B-F6BBE4E701D4}.AppStore|x64.Build.0 = AppStore|iPhone
		{E31A7CBF-B2D6-4EC1-BB8B-F6BBE4E701D4}.AppStore|x64.Deploy.0 = AppStore|iPhone
		{E31A7CBF-B2D6-4EC1-BB8B-F6BBE4E701D4}.AppStore|x86.ActiveCfg = AppStore|iPhone
		{E31A7CBF-B2D6-4EC1-BB8B-F6BBE4E701D4}.AppStore|x86.Build.0 = AppStore|iPhone
		{E31A7CBF-B2D6-4EC1-BB8B-F6BBE4E701D4}.AppStore|x86.Deploy.0 = AppStore|iPhone
		{E31A7CBF-B2D6-4EC1-BB8B-F6BBE4E701D4}.Debug|Any CPU.ActiveCfg = Debug|iPhoneSimulator
		{E31A7CBF-B2D6-4EC1-BB8B-F6BBE4E701D4}.Debug|Any CPU.Build.0 = Debug|iPhoneSimulator
		{E31A7CBF-B2D6-4EC1-BB8B-F6BBE4E701D4}.Debug|Any CPU.Deploy.0 = Debug|iPhoneSimulator
		{E31A7CBF-B2D6-4EC1-BB8B-F6BBE4E701D4}.Debug|ARM.ActiveCfg = Debug|iPhone
		{E31A7CBF-B2D6-4EC1-BB8B-F6BBE4E701D4}.Debug|ARM.Build.0 = Debug|iPhone
		{E31A7CBF-B2D6-4EC1-BB8B-F6BBE4E701D4}.Debug|ARM.Deploy.0 = Debug|iPhone
		{E31A7CBF-B2D6-4EC1-BB8B-F6BBE4E701D4}.Debug|iPhone.ActiveCfg = Debug|iPhone
		{E31A7CBF-B2D6-4EC1-BB8B-F6BBE4E701D4}.Debug|iPhone.Build.0 = Debug|iPhone
		{E31A7CBF-B2D6-4EC1-BB8B-F6BBE4E701D4}.Debug|iPhone.Deploy.0 = Debug|iPhone
		{E31A7CBF-B2D6-4EC1-BB8B-F6BBE4E701D4}.Debug|iPhoneSimulator.ActiveCfg = Debug|iPhoneSimulator
		{E31A7CBF-B2D6-4EC1-BB8B-F6BBE4E701D4}.Debug|iPhoneSimulator.Build.0 = Debug|iPhoneSimulator
		{E31A7CBF-B2D6-4EC1-BB8B-F6BBE4E701D4}.Debug|iPhoneSimulator.Deploy.0 = Debug|iPhoneSimulator
		{E31A7CBF-B2D6-4EC1-BB8B-F6BBE4E701D4}.Debug|x64.ActiveCfg = Debug|iPhone
		{E31A7CBF-B2D6-4EC1-BB8B-F6BBE4E701D4}.Debug|x64.Build.0 = Debug|iPhone
		{E31A7CBF-B2D6-4EC1-BB8B-F6BBE4E701D4}.Debug|x64.Deploy.0 = Debug|iPhone
		{E31A7CBF-B2D6-4EC1-BB8B-F6BBE4E701D4}.Debug|x86.ActiveCfg = Debug|iPhone
		{E31A7CBF-B2D6-4EC1-BB8B-F6BBE4E701D4}.Debug|x86.Build.0 = Debug|iPhone
		{E31A7CBF-B2D6-4EC1-BB8B-F6BBE4E701D4}.Debug|x86.Deploy.0 = Debug|iPhone
		{E31A7CBF-B2D6-4EC1-BB8B-F6BBE4E701D4}.Release|Any CPU.ActiveCfg = Release|iPhone
		{E31A7CBF-B2D6-4EC1-BB8B-F6BBE4E701D4}.Release|Any CPU.Build.0 = Release|iPhone
		{E31A7CBF-B2D6-4EC1-BB8B-F6BBE4E701D4}.Release|Any CPU.Deploy.0 = Release|iPhone
		{E31A7CBF-B2D6-4EC1-BB8B-F6BBE4E701D4}.Release|ARM.ActiveCfg = Release|iPhone
		{E31A7CBF-B2D6-4EC1-BB8B-F6BBE4E701D4}.Release|ARM.Build.0 = Release|iPhone
		{E31A7CBF-B2D6-4EC1-BB8B-F6BBE4E701D4}.Release|ARM.Deploy.0 = Release|iPhone
		{E31A7CBF-B2D6-4EC1-BB8B-F6BBE4E701D4}.Release|iPhone.ActiveCfg = Release|iPhone
		{E31A7CBF-B2D6-4EC1-BB8B-F6BBE4E701D4}.Release|iPhone.Build.0 = Release|iPhone
		{E31A7CBF-B2D6-4EC1-BB8B-F6BBE4E701D4}.Release|iPhone.Deploy.0 = Release|iPhone
		{E31A7CBF-B2D6-4EC1-BB8B-F6BBE4E701D4}.Release|iPhoneSimulator.ActiveCfg = Release|iPhoneSimulator
		{E31A7CBF-B2D6-4EC1-BB8B-F6BBE4E701D4}.Release|iPhoneSimulator.Build.0 = Release|iPhoneSimulator
		{E31A7CBF-B2D6-4EC1-BB8B-F6BBE4E701D4}.Release|iPhoneSimulator.Deploy.0 = Release|iPhoneSimulator
		{E31A7CBF-B2D6-4EC1-BB8B-F6BBE4E701D4}.Release|x64.ActiveCfg = Release|iPhone
		{E31A7CBF-B2D6-4EC1-BB8B-F6BBE4E701D4}.Release|x64.Build.0 = Release|iPhone
		{E31A7CBF-B2D6-4EC1-BB8B-F6BBE4E701D4}.Release|x64.Deploy.0 = Release|iPhone
		{E31A7CBF-B2D6-4EC1-BB8B-F6BBE4E701D4}.Release|x86.ActiveCfg = Release|iPhone
		{E31A7CBF-B2D6-4EC1-BB8B-F6BBE4E701D4}.Release|x86.Build.0 = Release|iPhone
		{E31A7CBF-B2D6-4EC1-BB8B-F6BBE4E701D4}.Release|x86.Deploy.0 = Release|iPhone
		{0BEACE9C-A7D1-4D3A-8A6F-0FF88C365ACF}.Ad-Hoc|Any CPU.ActiveCfg = Release|x86
		{0BEACE9C-A7D1-4D3A-8A6F-0FF88C365ACF}.Ad-Hoc|Any CPU.Build.0 = Release|x86
		{0BEACE9C-A7D1-4D3A-8A6F-0FF88C365ACF}.Ad-Hoc|Any CPU.Deploy.0 = Release|x86
		{0BEACE9C-A7D1-4D3A-8A6F-0FF88C365ACF}.Ad-Hoc|ARM.ActiveCfg = Release|ARM
		{0BEACE9C-A7D1-4D3A-8A6F-0FF88C365ACF}.Ad-Hoc|ARM.Build.0 = Release|ARM
		{0BEACE9C-A7D1-4D3A-8A6F-0FF88C365ACF}.Ad-Hoc|ARM.Deploy.0 = Release|ARM
		{0BEACE9C-A7D1-4D3A-8A6F-0FF88C365ACF}.Ad-Hoc|iPhone.ActiveCfg = Release|x86
		{0BEACE9C-A7D1-4D3A-8A6F-0FF88C365ACF}.Ad-Hoc|iPhone.Build.0 = Release|x86
		{0BEACE9C-A7D1-4D3A-8A6F-0FF88C365ACF}.Ad-Hoc|iPhone.Deploy.0 = Release|x86
		{0BEACE9C-A7D1-4D3A-8A6F-0FF88C365ACF}.Ad-Hoc|iPhoneSimulator.ActiveCfg = Release|x86
		{0BEACE9C-A7D1-4D3A-8A6F-0FF88C365ACF}.Ad-Hoc|iPhoneSimulator.Build.0 = Release|x86
		{0BEACE9C-A7D1-4D3A-8A6F-0FF88C365ACF}.Ad-Hoc|iPhoneSimulator.Deploy.0 = Release|x86
		{0BEACE9C-A7D1-4D3A-8A6F-0FF88C365ACF}.Ad-Hoc|x64.ActiveCfg = Release|x64
		{0BEACE9C-A7D1-4D3A-8A6F-0FF88C365ACF}.Ad-Hoc|x64.Build.0 = Release|x64
		{0BEACE9C-A7D1-4D3A-8A6F-0FF88C365ACF}.Ad-Hoc|x64.Deploy.0 = Release|x64
		{0BEACE9C-A7D1-4D3A-8A6F-0FF88C365ACF}.Ad-Hoc|x86.ActiveCfg = Release|x86
		{0BEACE9C-A7D1-4D3A-8A6F-0FF88C365ACF}.Ad-Hoc|x86.Build.0 = Release|x86
		{0BEACE9C-A7D1-4D3A-8A6F-0FF88C365ACF}.Ad-Hoc|x86.Deploy.0 = Release|x86
		{0BEACE9C-A7D1-4D3A-8A6F-0FF88C365ACF}.AppStore|Any CPU.ActiveCfg = Release|x86
		{0BEACE9C-A7D1-4D3A-8A6F-0FF88C365ACF}.AppStore|Any CPU.Build.0 = Release|x86
		{0BEACE9C-A7D1-4D3A-8A6F-0FF88C365ACF}.AppStore|Any CPU.Deploy.0 = Release|x86
		{0BEACE9C-A7D1-4D3A-8A6F-0FF88C365ACF}.AppStore|ARM.ActiveCfg = Release|ARM
		{0BEACE9C-A7D1-4D3A-8A6F-0FF88C365ACF}.AppStore|ARM.Build.0 = Release|ARM
		{0BEACE9C-A7D1-4D3A-8A6F-0FF88C365ACF}.AppStore|ARM.Deploy.0 = Release|ARM
		{0BEACE9C-A7D1-4D3A-8A6F-0FF88C365ACF}.AppStore|iPhone.ActiveCfg = Release|x86
		{0BEACE9C-A7D1-4D3A-8A6F-0FF88C365ACF}.AppStore|iPhone.Build.0 = Release|x86
		{0BEACE9C-A7D1-4D3A-8A6F-0FF88C365ACF}.AppStore|iPhone.Deploy.0 = Release|x86
		{0BEACE9C-A7D1-4D3A-8A6F-0FF88C365ACF}.AppStore|iPhoneSimulator.ActiveCfg = Release|x86
		{0BEACE9C-A7D1-4D3A-8A6F-0FF88C365ACF}.AppStore|iPhoneSimulator.Build.0 = Release|x86
		{0BEACE9C-A7D1-4D3A-8A6F-0FF88C365ACF}.AppStore|iPhoneSimulator.Deploy.0 = Release|x86
		{0BEACE9C-A7D1-4D3A-8A6F-0FF88C365ACF}.AppStore|x64.ActiveCfg = Release|x64
		{0BEACE9C-A7D1-4D3A-8A6F-0FF88C365ACF}.AppStore|x64.Build.0 = Release|x64
		{0BEACE9C-A7D1-4D3A-8A6F-0FF88C365ACF}.AppStore|x64.Deploy.0 = Release|x64
		{0BEACE9C-A7D1-4D3A-8A6F-0FF88C365ACF}.AppStore|x86.ActiveCfg = Release|x86
		{0BEACE9C-A7D1-4D3A-8A6F-0FF88C365ACF}.AppStore|x86.Build.0 = Release|x86
		{0BEACE9C-A7D1-4D3A-8A6F-0FF88C365ACF}.AppStore|x86.Deploy.0 = Release|x86
		{0BEACE9C-A7D1-4D3A-8A6F-0FF88C365ACF}.Debug|Any CPU.ActiveCfg = Debug|x86
		{0BEACE9C-A7D1-4D3A-8A6F-0FF88C365ACF}.Debug|Any CPU.Build.0 = Debug|x86
		{0BEACE9C-A7D1-4D3A-8A6F-0FF88C365ACF}.Debug|Any CPU.Deploy.0 = Debug|x86
		{0BEACE9C-A7D1-4D3A-8A6F-0FF88C365ACF}.Debug|ARM.ActiveCfg = Debug|ARM
		{0BEACE9C-A7D1-4D3A-8A6F-0FF88C365ACF}.Debug|ARM.Build.0 = Debug|ARM
		{0BEACE9C-A7D1-4D3A-8A6F-0FF88C365ACF}.Debug|ARM.Deploy.0 = Debug|ARM
		{0BEACE9C-A7D1-4D3A-8A6F-0FF88C365ACF}.Debug|iPhone.ActiveCfg = Debug|x86
		{0BEACE9C-A7D1-4D3A-8A6F-0FF88C365ACF}.Debug|iPhone.Build.0 = Debug|x86
		{0BEACE9C-A7D1-4D3A-8A6F-0FF88C365ACF}.Debug|iPhone.Deploy.0 = Debug|x86
		{0BEACE9C-A7D1-4D3A-8A6F-0FF88C365ACF}.Debug|iPhoneSimulator.ActiveCfg = Debug|x86
		{0BEACE9C-A7D1-4D3A-8A6F-0FF88C365ACF}.Debug|iPhoneSimulator.Build.0 = Debug|x86
		{0BEACE9C-A7D1-4D3A-8A6F-0FF88C365ACF}.Debug|iPhoneSimulator.Deploy.0 = Debug|x86
		{0BEACE9C-A7D1-4D3A-8A6F-0FF88C365ACF}.Debug|x64.ActiveCfg = Debug|x64
		{0BEACE9C-A7D1-4D3A-8A6F-0FF88C365ACF}.Debug|x64.Build.0 = Debug|x64
		{0BEACE9C-A7D1-4D3A-8A6F-0FF88C365ACF}.Debug|x64.Deploy.0 = Debug|x64
		{0BEACE9C-A7D1-4D3A-8A6F-0FF88C365ACF}.Debug|x86.ActiveCfg = Debug|x86
		{0BEACE9C-A7D1-4D3A-8A6F-0FF88C365ACF}.Debug|x86.Build.0 = Debug|x86
		{0BEACE9C-A7D1-4D3A-8A6F-0FF88C365ACF}.Debug|x86.Deploy.0 = Debug|x86
		{0BEACE9C-A7D1-4D3A-8A6F-0FF88C365ACF}.Release|Any CPU.ActiveCfg = Release|x86
		{0BEACE9C-A7D1-4D3A-8A6F-0FF88C365ACF}.Release|Any CPU.Build.0 = Release|x86
		{0BEACE9C-A7D1-4D3A-8A6F-0FF88C365ACF}.Release|Any CPU.Deploy.0 = Release|x86
		{0BEACE9C-A7D1-4D3A-8A6F-0FF88C365ACF}.Release|ARM.ActiveCfg = Release|ARM
		{0BEACE9C-A7D1-4D3A-8A6F-0FF88C365ACF}.Release|ARM.Build.0 = Release|ARM
		{0BEACE9C-A7D1-4D3A-8A6F-0FF88C365ACF}.Release|ARM.Deploy.0 = Release|ARM
		{0BEACE9C-A7D1-4D3A-8A6F-0FF88C365ACF}.Release|iPhone.ActiveCfg = Release|x86
		{0BEACE9C-A7D1-4D3A-8A6F-0FF88C365ACF}.Release|iPhone.Build.0 = Release|x86
		{0BEACE9C-A7D1-4D3A-8A6F-0FF88C365ACF}.Release|iPhone.Deploy.0 = Release|x86
		{0BEACE9C-A7D1-4D3A-8A6F-0FF88C365ACF}.Release|iPhoneSimulator.ActiveCfg = Release|x86
		{0BEACE9C-A7D1-4D3A-8A6F-0FF88C365ACF}.Release|iPhoneSimulator.Build.0 = Release|x86
		{0BEACE9C-A7D1-4D3A-8A6F-0FF88C365ACF}.Release|iPhoneSimulator.Deploy.0 = Release|x86
		{0BEACE9C-A7D1-4D3A-8A6F-0FF88C365ACF}.Release|x64.ActiveCfg = Release|x64
		{0BEACE9C-A7D1-4D3A-8A6F-0FF88C365ACF}.Release|x64.Build.0 = Release|x64
		{0BEACE9C-A7D1-4D3A-8A6F-0FF88C365ACF}.Release|x64.Deploy.0 = Release|x64
		{0BEACE9C-A7D1-4D3A-8A6F-0FF88C365ACF}.Release|x86.ActiveCfg = Release|x86
		{0BEACE9C-A7D1-4D3A-8A6F-0FF88C365ACF}.Release|x86.Build.0 = Release|x86
		{0BEACE9C-A7D1-4D3A-8A6F-0FF88C365ACF}.Release|x86.Deploy.0 = Release|x86
		{C0360795-9B9B-4109-8640-E0C9DD4432F9}.Ad-Hoc|Any CPU.ActiveCfg = Debug|Any CPU
		{C0360795-9B9B-4109-8640-E0C9DD4432F9}.Ad-Hoc|Any CPU.Build.0 = Debug|Any CPU
		{C0360795-9B9B-4109-8640-E0C9DD4432F9}.Ad-Hoc|Any CPU.Deploy.0 = Debug|Any CPU
		{C0360795-9B9B-4109-8640-E0C9DD4432F9}.Ad-Hoc|ARM.ActiveCfg = Debug|Any CPU
		{C0360795-9B9B-4109-8640-E0C9DD4432F9}.Ad-Hoc|ARM.Build.0 = Debug|Any CPU
		{C0360795-9B9B-4109-8640-E0C9DD4432F9}.Ad-Hoc|ARM.Deploy.0 = Debug|Any CPU
		{C0360795-9B9B-4109-8640-E0C9DD4432F9}.Ad-Hoc|iPhone.ActiveCfg = Debug|Any CPU
		{C0360795-9B9B-4109-8640-E0C9DD4432F9}.Ad-Hoc|iPhone.Build.0 = Debug|Any CPU
		{C0360795-9B9B-4109-8640-E0C9DD4432F9}.Ad-Hoc|iPhone.Deploy.0 = Debug|Any CPU
		{C0360795-9B9B-4109-8640-E0C9DD4432F9}.Ad-Hoc|iPhoneSimulator.ActiveCfg = Debug|Any CPU
		{C0360795-9B9B-4109-8640-E0C9DD4432F9}.Ad-Hoc|iPhoneSimulator.Build.0 = Debug|Any CPU
		{C0360795-9B9B-4109-8640-E0C9DD4432F9}.Ad-Hoc|iPhoneSimulator.Deploy.0 = Debug|Any CPU
		{C0360795-9B9B-4109-8640-E0C9DD4432F9}.Ad-Hoc|x64.ActiveCfg = Debug|Any CPU
		{C0360795-9B9B-4109-8640-E0C9DD4432F9}.Ad-Hoc|x64.Build.0 = Debug|Any CPU
		{C0360795-9B9B-4109-8640-E0C9DD4432F9}.Ad-Hoc|x64.Deploy.0 = Debug|Any CPU
		{C0360795-9B9B-4109-8640-E0C9DD4432F9}.Ad-Hoc|x86.ActiveCfg = Debug|Any CPU
		{C0360795-9B9B-4109-8640-E0C9DD4432F9}.Ad-Hoc|x86.Build.0 = Debug|Any CPU
		{C0360795-9B9B-4109-8640-E0C9DD4432F9}.Ad-Hoc|x86.Deploy.0 = Debug|Any CPU
		{C0360795-9B9B-4109-8640-E0C9DD4432F9}.AppStore|Any CPU.ActiveCfg = Debug|Any CPU
		{C0360795-9B9B-4109-8640-E0C9DD4432F9}.AppStore|Any CPU.Build.0 = Debug|Any CPU
		{C0360795-9B9B-4109-8640-E0C9DD4432F9}.AppStore|Any CPU.Deploy.0 = Debug|Any CPU
		{C0360795-9B9B-4109-8640-E0C9DD4432F9}.AppStore|ARM.ActiveCfg = Debug|Any CPU
		{C0360795-9B9B-4109-8640-E0C9DD4432F9}.AppStore|ARM.Build.0 = Debug|Any CPU
		{C0360795-9B9B-4109-8640-E0C9DD4432F9}.AppStore|ARM.Deploy.0 = Debug|Any CPU
		{C0360795-9B9B-4109-8640-E0C9DD4432F9}.AppStore|iPhone.ActiveCfg = Debug|Any CPU
		{C0360795-9B9B-4109-8640-E0C9DD4432F9}.AppStore|iPhone.Build.0 = Debug|Any CPU
		{C0360795-9B9B-4109-8640-E0C9DD4432F9}.AppStore|iPhone.Deploy.0 = Debug|Any CPU
		{C0360795-9B9B-4109-8640-E0C9DD4432F9}.AppStore|iPhoneSimulator.ActiveCfg = Debug|Any CPU
		{C0360795-9B9B-4109-8640-E0C9DD4432F9}.AppStore|iPhoneSimulator.Build.0 = Debug|Any CPU
		{C0360795-9B9B-4109-8640-E0C9DD4432F9}.AppStore|iPhoneSimulator.Deploy.0 = Debug|Any CPU
		{C0360795-9B9B-4109-8640-E0C9DD4432F9}.AppStore|x64.ActiveCfg = Debug|Any CPU
		{C0360795-9B9B-4109-8640-E0C9DD4432F9}.AppStore|x64.Build.0 = Debug|Any CPU
		{C0360795-9B9B-4109-8640-E0C9DD4432F9}.AppStore|x64.Deploy.0 = Debug|Any CPU
		{C0360795-9B9B-4109-8640-E0C9DD4432F9}.AppStore|x86.ActiveCfg = Debug|Any CPU
		{C0360795-9B9B-4109-8640-E0C9DD4432F9}.AppStore|x86.Build.0 = Debug|Any CPU
		{C0360795-9B9B-4109-8640-E0C9DD4432F9}.AppStore|x86.Deploy.0 = Debug|Any CPU
		{C0360795-9B9B-4109-8640-E0C9DD4432F9}.Debug|Any CPU.ActiveCfg = Debug|Any CPU
		{C0360795-9B9B-4109-8640-E0C9DD4432F9}.Debug|Any CPU.Build.0 = Debug|Any CPU
		{C0360795-9B9B-4109-8640-E0C9DD4432F9}.Debug|Any CPU.Deploy.0 = Debug|Any CPU
		{C0360795-9B9B-4109-8640-E0C9DD4432F9}.Debug|ARM.ActiveCfg = Debug|Any CPU
		{C0360795-9B9B-4109-8640-E0C9DD4432F9}.Debug|ARM.Build.0 = Debug|Any CPU
		{C0360795-9B9B-4109-8640-E0C9DD4432F9}.Debug|ARM.Deploy.0 = Debug|Any CPU
		{C0360795-9B9B-4109-8640-E0C9DD4432F9}.Debug|iPhone.ActiveCfg = Debug|Any CPU
		{C0360795-9B9B-4109-8640-E0C9DD4432F9}.Debug|iPhone.Build.0 = Debug|Any CPU
		{C0360795-9B9B-4109-8640-E0C9DD4432F9}.Debug|iPhone.Deploy.0 = Debug|Any CPU
		{C0360795-9B9B-4109-8640-E0C9DD4432F9}.Debug|iPhoneSimulator.ActiveCfg = Debug|Any CPU
		{C0360795-9B9B-4109-8640-E0C9DD4432F9}.Debug|iPhoneSimulator.Build.0 = Debug|Any CPU
		{C0360795-9B9B-4109-8640-E0C9DD4432F9}.Debug|iPhoneSimulator.Deploy.0 = Debug|Any CPU
		{C0360795-9B9B-4109-8640-E0C9DD4432F9}.Debug|x64.ActiveCfg = Debug|Any CPU
		{C0360795-9B9B-4109-8640-E0C9DD4432F9}.Debug|x64.Build.0 = Debug|Any CPU
		{C0360795-9B9B-4109-8640-E0C9DD4432F9}.Debug|x64.Deploy.0 = Debug|Any CPU
		{C0360795-9B9B-4109-8640-E0C9DD4432F9}.Debug|x86.ActiveCfg = Debug|Any CPU
		{C0360795-9B9B-4109-8640-E0C9DD4432F9}.Debug|x86.Build.0 = Debug|Any CPU
		{C0360795-9B9B-4109-8640-E0C9DD4432F9}.Debug|x86.Deploy.0 = Debug|Any CPU
		{C0360795-9B9B-4109-8640-E0C9DD4432F9}.Release|Any CPU.ActiveCfg = Release|Any CPU
		{C0360795-9B9B-4109-8640-E0C9DD4432F9}.Release|Any CPU.Build.0 = Release|Any CPU
		{C0360795-9B9B-4109-8640-E0C9DD4432F9}.Release|Any CPU.Deploy.0 = Release|Any CPU
		{C0360795-9B9B-4109-8640-E0C9DD4432F9}.Release|ARM.ActiveCfg = Release|Any CPU
		{C0360795-9B9B-4109-8640-E0C9DD4432F9}.Release|ARM.Build.0 = Release|Any CPU
		{C0360795-9B9B-4109-8640-E0C9DD4432F9}.Release|ARM.Deploy.0 = Release|Any CPU
		{C0360795-9B9B-4109-8640-E0C9DD4432F9}.Release|iPhone.ActiveCfg = Release|Any CPU
		{C0360795-9B9B-4109-8640-E0C9DD4432F9}.Release|iPhone.Build.0 = Release|Any CPU
		{C0360795-9B9B-4109-8640-E0C9DD4432F9}.Release|iPhone.Deploy.0 = Release|Any CPU
		{C0360795-9B9B-4109-8640-E0C9DD4432F9}.Release|iPhoneSimulator.ActiveCfg = Release|Any CPU
		{C0360795-9B9B-4109-8640-E0C9DD4432F9}.Release|iPhoneSimulator.Build.0 = Release|Any CPU
		{C0360795-9B9B-4109-8640-E0C9DD4432F9}.Release|iPhoneSimulator.Deploy.0 = Release|Any CPU
		{C0360795-9B9B-4109-8640-E0C9DD4432F9}.Release|x64.ActiveCfg = Release|Any CPU
		{C0360795-9B9B-4109-8640-E0C9DD4432F9}.Release|x64.Build.0 = Release|Any CPU
		{C0360795-9B9B-4109-8640-E0C9DD4432F9}.Release|x64.Deploy.0 = Release|Any CPU
		{C0360795-9B9B-4109-8640-E0C9DD4432F9}.Release|x86.ActiveCfg = Release|Any CPU
		{C0360795-9B9B-4109-8640-E0C9DD4432F9}.Release|x86.Build.0 = Release|Any CPU
		{C0360795-9B9B-4109-8640-E0C9DD4432F9}.Release|x86.Deploy.0 = Release|Any CPU
		{ECBE8ECA-CCB3-454B-8F36-7356C57DEB8F}.Ad-Hoc|Any CPU.ActiveCfg = Release|Any CPU
		{ECBE8ECA-CCB3-454B-8F36-7356C57DEB8F}.Ad-Hoc|Any CPU.Build.0 = Release|Any CPU
		{ECBE8ECA-CCB3-454B-8F36-7356C57DEB8F}.Ad-Hoc|ARM.ActiveCfg = Release|Any CPU
		{ECBE8ECA-CCB3-454B-8F36-7356C57DEB8F}.Ad-Hoc|ARM.Build.0 = Release|Any CPU
		{ECBE8ECA-CCB3-454B-8F36-7356C57DEB8F}.Ad-Hoc|iPhone.ActiveCfg = Release|Any CPU
		{ECBE8ECA-CCB3-454B-8F36-7356C57DEB8F}.Ad-Hoc|iPhone.Build.0 = Release|Any CPU
		{ECBE8ECA-CCB3-454B-8F36-7356C57DEB8F}.Ad-Hoc|iPhoneSimulator.ActiveCfg = Release|Any CPU
		{ECBE8ECA-CCB3-454B-8F36-7356C57DEB8F}.Ad-Hoc|iPhoneSimulator.Build.0 = Release|Any CPU
		{ECBE8ECA-CCB3-454B-8F36-7356C57DEB8F}.Ad-Hoc|x64.ActiveCfg = Release|Any CPU
		{ECBE8ECA-CCB3-454B-8F36-7356C57DEB8F}.Ad-Hoc|x64.Build.0 = Release|Any CPU
		{ECBE8ECA-CCB3-454B-8F36-7356C57DEB8F}.Ad-Hoc|x86.ActiveCfg = Release|Any CPU
		{ECBE8ECA-CCB3-454B-8F36-7356C57DEB8F}.Ad-Hoc|x86.Build.0 = Release|Any CPU
		{ECBE8ECA-CCB3-454B-8F36-7356C57DEB8F}.AppStore|Any CPU.ActiveCfg = Release|Any CPU
		{ECBE8ECA-CCB3-454B-8F36-7356C57DEB8F}.AppStore|Any CPU.Build.0 = Release|Any CPU
		{ECBE8ECA-CCB3-454B-8F36-7356C57DEB8F}.AppStore|ARM.ActiveCfg = Release|Any CPU
		{ECBE8ECA-CCB3-454B-8F36-7356C57DEB8F}.AppStore|ARM.Build.0 = Release|Any CPU
		{ECBE8ECA-CCB3-454B-8F36-7356C57DEB8F}.AppStore|iPhone.ActiveCfg = Release|Any CPU
		{ECBE8ECA-CCB3-454B-8F36-7356C57DEB8F}.AppStore|iPhone.Build.0 = Release|Any CPU
		{ECBE8ECA-CCB3-454B-8F36-7356C57DEB8F}.AppStore|iPhoneSimulator.ActiveCfg = Release|Any CPU
		{ECBE8ECA-CCB3-454B-8F36-7356C57DEB8F}.AppStore|iPhoneSimulator.Build.0 = Release|Any CPU
		{ECBE8ECA-CCB3-454B-8F36-7356C57DEB8F}.AppStore|x64.ActiveCfg = Release|Any CPU
		{ECBE8ECA-CCB3-454B-8F36-7356C57DEB8F}.AppStore|x64.Build.0 = Release|Any CPU
		{ECBE8ECA-CCB3-454B-8F36-7356C57DEB8F}.AppStore|x86.ActiveCfg = Release|Any CPU
		{ECBE8ECA-CCB3-454B-8F36-7356C57DEB8F}.AppStore|x86.Build.0 = Release|Any CPU
		{ECBE8ECA-CCB3-454B-8F36-7356C57DEB8F}.Debug|Any CPU.ActiveCfg = Debug|Any CPU
		{ECBE8ECA-CCB3-454B-8F36-7356C57DEB8F}.Debug|Any CPU.Build.0 = Debug|Any CPU
		{ECBE8ECA-CCB3-454B-8F36-7356C57DEB8F}.Debug|ARM.ActiveCfg = Debug|Any CPU
		{ECBE8ECA-CCB3-454B-8F36-7356C57DEB8F}.Debug|ARM.Build.0 = Debug|Any CPU
		{ECBE8ECA-CCB3-454B-8F36-7356C57DEB8F}.Debug|iPhone.ActiveCfg = Debug|Any CPU
		{ECBE8ECA-CCB3-454B-8F36-7356C57DEB8F}.Debug|iPhone.Build.0 = Debug|Any CPU
		{ECBE8ECA-CCB3-454B-8F36-7356C57DEB8F}.Debug|iPhoneSimulator.ActiveCfg = Debug|Any CPU
		{ECBE8ECA-CCB3-454B-8F36-7356C57DEB8F}.Debug|iPhoneSimulator.Build.0 = Debug|Any CPU
		{ECBE8ECA-CCB3-454B-8F36-7356C57DEB8F}.Debug|x64.ActiveCfg = Debug|Any CPU
		{ECBE8ECA-CCB3-454B-8F36-7356C57DEB8F}.Debug|x64.Build.0 = Debug|Any CPU
		{ECBE8ECA-CCB3-454B-8F36-7356C57DEB8F}.Debug|x86.ActiveCfg = Debug|Any CPU
		{ECBE8ECA-CCB3-454B-8F36-7356C57DEB8F}.Debug|x86.Build.0 = Debug|Any CPU
		{ECBE8ECA-CCB3-454B-8F36-7356C57DEB8F}.Release|Any CPU.ActiveCfg = Release|Any CPU
		{ECBE8ECA-CCB3-454B-8F36-7356C57DEB8F}.Release|Any CPU.Build.0 = Release|Any CPU
		{ECBE8ECA-CCB3-454B-8F36-7356C57DEB8F}.Release|ARM.ActiveCfg = Release|Any CPU
		{ECBE8ECA-CCB3-454B-8F36-7356C57DEB8F}.Release|ARM.Build.0 = Release|Any CPU
		{ECBE8ECA-CCB3-454B-8F36-7356C57DEB8F}.Release|iPhone.ActiveCfg = Release|Any CPU
		{ECBE8ECA-CCB3-454B-8F36-7356C57DEB8F}.Release|iPhone.Build.0 = Release|Any CPU
		{ECBE8ECA-CCB3-454B-8F36-7356C57DEB8F}.Release|iPhoneSimulator.ActiveCfg = Release|Any CPU
		{ECBE8ECA-CCB3-454B-8F36-7356C57DEB8F}.Release|iPhoneSimulator.Build.0 = Release|Any CPU
		{ECBE8ECA-CCB3-454B-8F36-7356C57DEB8F}.Release|x64.ActiveCfg = Release|Any CPU
		{ECBE8ECA-CCB3-454B-8F36-7356C57DEB8F}.Release|x64.Build.0 = Release|Any CPU
		{ECBE8ECA-CCB3-454B-8F36-7356C57DEB8F}.Release|x86.ActiveCfg = Release|Any CPU
		{ECBE8ECA-CCB3-454B-8F36-7356C57DEB8F}.Release|x86.Build.0 = Release|Any CPU
		{0D7EFDF2-1D5E-4D3D-86AE-28F84B86AD61}.Ad-Hoc|Any CPU.ActiveCfg = Release|Any CPU
		{0D7EFDF2-1D5E-4D3D-86AE-28F84B86AD61}.Ad-Hoc|Any CPU.Build.0 = Release|Any CPU
		{0D7EFDF2-1D5E-4D3D-86AE-28F84B86AD61}.Ad-Hoc|ARM.ActiveCfg = Release|Any CPU
		{0D7EFDF2-1D5E-4D3D-86AE-28F84B86AD61}.Ad-Hoc|ARM.Build.0 = Release|Any CPU
		{0D7EFDF2-1D5E-4D3D-86AE-28F84B86AD61}.Ad-Hoc|iPhone.ActiveCfg = Release|Any CPU
		{0D7EFDF2-1D5E-4D3D-86AE-28F84B86AD61}.Ad-Hoc|iPhone.Build.0 = Release|Any CPU
		{0D7EFDF2-1D5E-4D3D-86AE-28F84B86AD61}.Ad-Hoc|iPhoneSimulator.ActiveCfg = Release|Any CPU
		{0D7EFDF2-1D5E-4D3D-86AE-28F84B86AD61}.Ad-Hoc|iPhoneSimulator.Build.0 = Release|Any CPU
		{0D7EFDF2-1D5E-4D3D-86AE-28F84B86AD61}.Ad-Hoc|x64.ActiveCfg = Release|Any CPU
		{0D7EFDF2-1D5E-4D3D-86AE-28F84B86AD61}.Ad-Hoc|x64.Build.0 = Release|Any CPU
		{0D7EFDF2-1D5E-4D3D-86AE-28F84B86AD61}.Ad-Hoc|x86.ActiveCfg = Release|Any CPU
		{0D7EFDF2-1D5E-4D3D-86AE-28F84B86AD61}.Ad-Hoc|x86.Build.0 = Release|Any CPU
		{0D7EFDF2-1D5E-4D3D-86AE-28F84B86AD61}.AppStore|Any CPU.ActiveCfg = Release|Any CPU
		{0D7EFDF2-1D5E-4D3D-86AE-28F84B86AD61}.AppStore|Any CPU.Build.0 = Release|Any CPU
		{0D7EFDF2-1D5E-4D3D-86AE-28F84B86AD61}.AppStore|ARM.ActiveCfg = Release|Any CPU
		{0D7EFDF2-1D5E-4D3D-86AE-28F84B86AD61}.AppStore|ARM.Build.0 = Release|Any CPU
		{0D7EFDF2-1D5E-4D3D-86AE-28F84B86AD61}.AppStore|iPhone.ActiveCfg = Release|Any CPU
		{0D7EFDF2-1D5E-4D3D-86AE-28F84B86AD61}.AppStore|iPhone.Build.0 = Release|Any CPU
		{0D7EFDF2-1D5E-4D3D-86AE-28F84B86AD61}.AppStore|iPhoneSimulator.ActiveCfg = Release|Any CPU
		{0D7EFDF2-1D5E-4D3D-86AE-28F84B86AD61}.AppStore|iPhoneSimulator.Build.0 = Release|Any CPU
		{0D7EFDF2-1D5E-4D3D-86AE-28F84B86AD61}.AppStore|x64.ActiveCfg = Release|Any CPU
		{0D7EFDF2-1D5E-4D3D-86AE-28F84B86AD61}.AppStore|x64.Build.0 = Release|Any CPU
		{0D7EFDF2-1D5E-4D3D-86AE-28F84B86AD61}.AppStore|x86.ActiveCfg = Release|Any CPU
		{0D7EFDF2-1D5E-4D3D-86AE-28F84B86AD61}.AppStore|x86.Build.0 = Release|Any CPU
		{0D7EFDF2-1D5E-4D3D-86AE-28F84B86AD61}.Debug|Any CPU.ActiveCfg = Debug|Any CPU
		{0D7EFDF2-1D5E-4D3D-86AE-28F84B86AD61}.Debug|Any CPU.Build.0 = Debug|Any CPU
		{0D7EFDF2-1D5E-4D3D-86AE-28F84B86AD61}.Debug|ARM.ActiveCfg = Debug|Any CPU
		{0D7EFDF2-1D5E-4D3D-86AE-28F84B86AD61}.Debug|ARM.Build.0 = Debug|Any CPU
		{0D7EFDF2-1D5E-4D3D-86AE-28F84B86AD61}.Debug|iPhone.ActiveCfg = Debug|Any CPU
		{0D7EFDF2-1D5E-4D3D-86AE-28F84B86AD61}.Debug|iPhone.Build.0 = Debug|Any CPU
		{0D7EFDF2-1D5E-4D3D-86AE-28F84B86AD61}.Debug|iPhoneSimulator.ActiveCfg = Debug|Any CPU
		{0D7EFDF2-1D5E-4D3D-86AE-28F84B86AD61}.Debug|iPhoneSimulator.Build.0 = Debug|Any CPU
		{0D7EFDF2-1D5E-4D3D-86AE-28F84B86AD61}.Debug|x64.ActiveCfg = Debug|Any CPU
		{0D7EFDF2-1D5E-4D3D-86AE-28F84B86AD61}.Debug|x64.Build.0 = Debug|Any CPU
		{0D7EFDF2-1D5E-4D3D-86AE-28F84B86AD61}.Debug|x86.ActiveCfg = Debug|Any CPU
		{0D7EFDF2-1D5E-4D3D-86AE-28F84B86AD61}.Debug|x86.Build.0 = Debug|Any CPU
		{0D7EFDF2-1D5E-4D3D-86AE-28F84B86AD61}.Release|Any CPU.ActiveCfg = Release|Any CPU
		{0D7EFDF2-1D5E-4D3D-86AE-28F84B86AD61}.Release|Any CPU.Build.0 = Release|Any CPU
		{0D7EFDF2-1D5E-4D3D-86AE-28F84B86AD61}.Release|ARM.ActiveCfg = Release|Any CPU
		{0D7EFDF2-1D5E-4D3D-86AE-28F84B86AD61}.Release|ARM.Build.0 = Release|Any CPU
		{0D7EFDF2-1D5E-4D3D-86AE-28F84B86AD61}.Release|iPhone.ActiveCfg = Release|Any CPU
		{0D7EFDF2-1D5E-4D3D-86AE-28F84B86AD61}.Release|iPhone.Build.0 = Release|Any CPU
		{0D7EFDF2-1D5E-4D3D-86AE-28F84B86AD61}.Release|iPhoneSimulator.ActiveCfg = Release|Any CPU
		{0D7EFDF2-1D5E-4D3D-86AE-28F84B86AD61}.Release|iPhoneSimulator.Build.0 = Release|Any CPU
		{0D7EFDF2-1D5E-4D3D-86AE-28F84B86AD61}.Release|x64.ActiveCfg = Release|Any CPU
		{0D7EFDF2-1D5E-4D3D-86AE-28F84B86AD61}.Release|x64.Build.0 = Release|Any CPU
		{0D7EFDF2-1D5E-4D3D-86AE-28F84B86AD61}.Release|x86.ActiveCfg = Release|Any CPU
		{0D7EFDF2-1D5E-4D3D-86AE-28F84B86AD61}.Release|x86.Build.0 = Release|Any CPU
		{81CF9BFE-79E5-455C-BE55-582A0D4AB3E2}.Ad-Hoc|Any CPU.ActiveCfg = Release|Any CPU
		{81CF9BFE-79E5-455C-BE55-582A0D4AB3E2}.Ad-Hoc|Any CPU.Build.0 = Release|Any CPU
		{81CF9BFE-79E5-455C-BE55-582A0D4AB3E2}.Ad-Hoc|ARM.ActiveCfg = Release|Any CPU
		{81CF9BFE-79E5-455C-BE55-582A0D4AB3E2}.Ad-Hoc|ARM.Build.0 = Release|Any CPU
		{81CF9BFE-79E5-455C-BE55-582A0D4AB3E2}.Ad-Hoc|iPhone.ActiveCfg = Release|Any CPU
		{81CF9BFE-79E5-455C-BE55-582A0D4AB3E2}.Ad-Hoc|iPhone.Build.0 = Release|Any CPU
		{81CF9BFE-79E5-455C-BE55-582A0D4AB3E2}.Ad-Hoc|iPhoneSimulator.ActiveCfg = Release|Any CPU
		{81CF9BFE-79E5-455C-BE55-582A0D4AB3E2}.Ad-Hoc|iPhoneSimulator.Build.0 = Release|Any CPU
		{81CF9BFE-79E5-455C-BE55-582A0D4AB3E2}.Ad-Hoc|x64.ActiveCfg = Release|Any CPU
		{81CF9BFE-79E5-455C-BE55-582A0D4AB3E2}.Ad-Hoc|x64.Build.0 = Release|Any CPU
		{81CF9BFE-79E5-455C-BE55-582A0D4AB3E2}.Ad-Hoc|x86.ActiveCfg = Release|Any CPU
		{81CF9BFE-79E5-455C-BE55-582A0D4AB3E2}.Ad-Hoc|x86.Build.0 = Release|Any CPU
		{81CF9BFE-79E5-455C-BE55-582A0D4AB3E2}.AppStore|Any CPU.ActiveCfg = Release|Any CPU
		{81CF9BFE-79E5-455C-BE55-582A0D4AB3E2}.AppStore|Any CPU.Build.0 = Release|Any CPU
		{81CF9BFE-79E5-455C-BE55-582A0D4AB3E2}.AppStore|ARM.ActiveCfg = Release|Any CPU
		{81CF9BFE-79E5-455C-BE55-582A0D4AB3E2}.AppStore|ARM.Build.0 = Release|Any CPU
		{81CF9BFE-79E5-455C-BE55-582A0D4AB3E2}.AppStore|iPhone.ActiveCfg = Release|Any CPU
		{81CF9BFE-79E5-455C-BE55-582A0D4AB3E2}.AppStore|iPhone.Build.0 = Release|Any CPU
		{81CF9BFE-79E5-455C-BE55-582A0D4AB3E2}.AppStore|iPhoneSimulator.ActiveCfg = Release|Any CPU
		{81CF9BFE-79E5-455C-BE55-582A0D4AB3E2}.AppStore|iPhoneSimulator.Build.0 = Release|Any CPU
		{81CF9BFE-79E5-455C-BE55-582A0D4AB3E2}.AppStore|x64.ActiveCfg = Release|Any CPU
		{81CF9BFE-79E5-455C-BE55-582A0D4AB3E2}.AppStore|x64.Build.0 = Release|Any CPU
		{81CF9BFE-79E5-455C-BE55-582A0D4AB3E2}.AppStore|x86.ActiveCfg = Release|Any CPU
		{81CF9BFE-79E5-455C-BE55-582A0D4AB3E2}.AppStore|x86.Build.0 = Release|Any CPU
		{81CF9BFE-79E5-455C-BE55-582A0D4AB3E2}.Debug|Any CPU.ActiveCfg = Debug|Any CPU
		{81CF9BFE-79E5-455C-BE55-582A0D4AB3E2}.Debug|Any CPU.Build.0 = Debug|Any CPU
		{81CF9BFE-79E5-455C-BE55-582A0D4AB3E2}.Debug|ARM.ActiveCfg = Debug|Any CPU
		{81CF9BFE-79E5-455C-BE55-582A0D4AB3E2}.Debug|ARM.Build.0 = Debug|Any CPU
		{81CF9BFE-79E5-455C-BE55-582A0D4AB3E2}.Debug|iPhone.ActiveCfg = Debug|Any CPU
		{81CF9BFE-79E5-455C-BE55-582A0D4AB3E2}.Debug|iPhone.Build.0 = Debug|Any CPU
		{81CF9BFE-79E5-455C-BE55-582A0D4AB3E2}.Debug|iPhoneSimulator.ActiveCfg = Debug|Any CPU
		{81CF9BFE-79E5-455C-BE55-582A0D4AB3E2}.Debug|iPhoneSimulator.Build.0 = Debug|Any CPU
		{81CF9BFE-79E5-455C-BE55-582A0D4AB3E2}.Debug|x64.ActiveCfg = Debug|Any CPU
		{81CF9BFE-79E5-455C-BE55-582A0D4AB3E2}.Debug|x64.Build.0 = Debug|Any CPU
		{81CF9BFE-79E5-455C-BE55-582A0D4AB3E2}.Debug|x86.ActiveCfg = Debug|Any CPU
		{81CF9BFE-79E5-455C-BE55-582A0D4AB3E2}.Debug|x86.Build.0 = Debug|Any CPU
		{81CF9BFE-79E5-455C-BE55-582A0D4AB3E2}.Release|Any CPU.ActiveCfg = Release|Any CPU
		{81CF9BFE-79E5-455C-BE55-582A0D4AB3E2}.Release|Any CPU.Build.0 = Release|Any CPU
		{81CF9BFE-79E5-455C-BE55-582A0D4AB3E2}.Release|ARM.ActiveCfg = Release|Any CPU
		{81CF9BFE-79E5-455C-BE55-582A0D4AB3E2}.Release|ARM.Build.0 = Release|Any CPU
		{81CF9BFE-79E5-455C-BE55-582A0D4AB3E2}.Release|iPhone.ActiveCfg = Release|Any CPU
		{81CF9BFE-79E5-455C-BE55-582A0D4AB3E2}.Release|iPhone.Build.0 = Release|Any CPU
		{81CF9BFE-79E5-455C-BE55-582A0D4AB3E2}.Release|iPhoneSimulator.ActiveCfg = Release|Any CPU
		{81CF9BFE-79E5-455C-BE55-582A0D4AB3E2}.Release|iPhoneSimulator.Build.0 = Release|Any CPU
		{81CF9BFE-79E5-455C-BE55-582A0D4AB3E2}.Release|x64.ActiveCfg = Release|Any CPU
		{81CF9BFE-79E5-455C-BE55-582A0D4AB3E2}.Release|x64.Build.0 = Release|Any CPU
		{81CF9BFE-79E5-455C-BE55-582A0D4AB3E2}.Release|x86.ActiveCfg = Release|Any CPU
		{81CF9BFE-79E5-455C-BE55-582A0D4AB3E2}.Release|x86.Build.0 = Release|Any CPU
		{8BCAC940-DCF1-4B68-BD14-7D288094F9D1}.Ad-Hoc|Any CPU.ActiveCfg = Release|Any CPU
		{8BCAC940-DCF1-4B68-BD14-7D288094F9D1}.Ad-Hoc|Any CPU.Build.0 = Release|Any CPU
		{8BCAC940-DCF1-4B68-BD14-7D288094F9D1}.Ad-Hoc|ARM.ActiveCfg = Release|Any CPU
		{8BCAC940-DCF1-4B68-BD14-7D288094F9D1}.Ad-Hoc|ARM.Build.0 = Release|Any CPU
		{8BCAC940-DCF1-4B68-BD14-7D288094F9D1}.Ad-Hoc|iPhone.ActiveCfg = Release|Any CPU
		{8BCAC940-DCF1-4B68-BD14-7D288094F9D1}.Ad-Hoc|iPhone.Build.0 = Release|Any CPU
		{8BCAC940-DCF1-4B68-BD14-7D288094F9D1}.Ad-Hoc|iPhoneSimulator.ActiveCfg = Release|Any CPU
		{8BCAC940-DCF1-4B68-BD14-7D288094F9D1}.Ad-Hoc|iPhoneSimulator.Build.0 = Release|Any CPU
		{8BCAC940-DCF1-4B68-BD14-7D288094F9D1}.Ad-Hoc|x64.ActiveCfg = Release|Any CPU
		{8BCAC940-DCF1-4B68-BD14-7D288094F9D1}.Ad-Hoc|x64.Build.0 = Release|Any CPU
		{8BCAC940-DCF1-4B68-BD14-7D288094F9D1}.Ad-Hoc|x86.ActiveCfg = Release|Any CPU
		{8BCAC940-DCF1-4B68-BD14-7D288094F9D1}.Ad-Hoc|x86.Build.0 = Release|Any CPU
		{8BCAC940-DCF1-4B68-BD14-7D288094F9D1}.AppStore|Any CPU.ActiveCfg = Release|Any CPU
		{8BCAC940-DCF1-4B68-BD14-7D288094F9D1}.AppStore|Any CPU.Build.0 = Release|Any CPU
		{8BCAC940-DCF1-4B68-BD14-7D288094F9D1}.AppStore|ARM.ActiveCfg = Release|Any CPU
		{8BCAC940-DCF1-4B68-BD14-7D288094F9D1}.AppStore|ARM.Build.0 = Release|Any CPU
		{8BCAC940-DCF1-4B68-BD14-7D288094F9D1}.AppStore|iPhone.ActiveCfg = Release|Any CPU
		{8BCAC940-DCF1-4B68-BD14-7D288094F9D1}.AppStore|iPhone.Build.0 = Release|Any CPU
		{8BCAC940-DCF1-4B68-BD14-7D288094F9D1}.AppStore|iPhoneSimulator.ActiveCfg = Release|Any CPU
		{8BCAC940-DCF1-4B68-BD14-7D288094F9D1}.AppStore|iPhoneSimulator.Build.0 = Release|Any CPU
		{8BCAC940-DCF1-4B68-BD14-7D288094F9D1}.AppStore|x64.ActiveCfg = Release|Any CPU
		{8BCAC940-DCF1-4B68-BD14-7D288094F9D1}.AppStore|x64.Build.0 = Release|Any CPU
		{8BCAC940-DCF1-4B68-BD14-7D288094F9D1}.AppStore|x86.ActiveCfg = Release|Any CPU
		{8BCAC940-DCF1-4B68-BD14-7D288094F9D1}.AppStore|x86.Build.0 = Release|Any CPU
		{8BCAC940-DCF1-4B68-BD14-7D288094F9D1}.Debug|Any CPU.ActiveCfg = Debug|Any CPU
		{8BCAC940-DCF1-4B68-BD14-7D288094F9D1}.Debug|Any CPU.Build.0 = Debug|Any CPU
		{8BCAC940-DCF1-4B68-BD14-7D288094F9D1}.Debug|ARM.ActiveCfg = Debug|Any CPU
		{8BCAC940-DCF1-4B68-BD14-7D288094F9D1}.Debug|ARM.Build.0 = Debug|Any CPU
		{8BCAC940-DCF1-4B68-BD14-7D288094F9D1}.Debug|iPhone.ActiveCfg = Debug|Any CPU
		{8BCAC940-DCF1-4B68-BD14-7D288094F9D1}.Debug|iPhone.Build.0 = Debug|Any CPU
		{8BCAC940-DCF1-4B68-BD14-7D288094F9D1}.Debug|iPhoneSimulator.ActiveCfg = Debug|Any CPU
		{8BCAC940-DCF1-4B68-BD14-7D288094F9D1}.Debug|iPhoneSimulator.Build.0 = Debug|Any CPU
		{8BCAC940-DCF1-4B68-BD14-7D288094F9D1}.Debug|x64.ActiveCfg = Debug|Any CPU
		{8BCAC940-DCF1-4B68-BD14-7D288094F9D1}.Debug|x64.Build.0 = Debug|Any CPU
		{8BCAC940-DCF1-4B68-BD14-7D288094F9D1}.Debug|x86.ActiveCfg = Debug|Any CPU
		{8BCAC940-DCF1-4B68-BD14-7D288094F9D1}.Debug|x86.Build.0 = Debug|Any CPU
		{8BCAC940-DCF1-4B68-BD14-7D288094F9D1}.Release|Any CPU.ActiveCfg = Release|Any CPU
		{8BCAC940-DCF1-4B68-BD14-7D288094F9D1}.Release|Any CPU.Build.0 = Release|Any CPU
		{8BCAC940-DCF1-4B68-BD14-7D288094F9D1}.Release|ARM.ActiveCfg = Release|Any CPU
		{8BCAC940-DCF1-4B68-BD14-7D288094F9D1}.Release|ARM.Build.0 = Release|Any CPU
		{8BCAC940-DCF1-4B68-BD14-7D288094F9D1}.Release|iPhone.ActiveCfg = Release|Any CPU
		{8BCAC940-DCF1-4B68-BD14-7D288094F9D1}.Release|iPhone.Build.0 = Release|Any CPU
		{8BCAC940-DCF1-4B68-BD14-7D288094F9D1}.Release|iPhoneSimulator.ActiveCfg = Release|Any CPU
		{8BCAC940-DCF1-4B68-BD14-7D288094F9D1}.Release|iPhoneSimulator.Build.0 = Release|Any CPU
		{8BCAC940-DCF1-4B68-BD14-7D288094F9D1}.Release|x64.ActiveCfg = Release|Any CPU
		{8BCAC940-DCF1-4B68-BD14-7D288094F9D1}.Release|x64.Build.0 = Release|Any CPU
		{8BCAC940-DCF1-4B68-BD14-7D288094F9D1}.Release|x86.ActiveCfg = Release|Any CPU
		{8BCAC940-DCF1-4B68-BD14-7D288094F9D1}.Release|x86.Build.0 = Release|Any CPU
	EndGlobalSection
	GlobalSection(SolutionProperties) = preSolution
		HideSolutionNode = FALSE
	EndGlobalSection
	GlobalSection(ExtensibilityGlobals) = postSolution
		SolutionGuid = {58C8F4D5-2890-4D05-AB00-59AECBE36BCA}
	EndGlobalSection
EndGlobal
